// !$*UTF8*$!
{
	archiveVersion = 1;
	classes = {
	};
	objectVersion = 46;
	objects = {

/* Begin PBXBuildFile section */
		180B7A311FEF7B54004B2C34 /* main.m in Sources */ = {isa = PBXBuildFile; fileRef = 180B7A301FEF7B54004B2C34 /* main.m */; };
		180B7A341FEF7B54004B2C34 /* AppDelegate.m in Sources */ = {isa = PBXBuildFile; fileRef = 180B7A331FEF7B54004B2C34 /* AppDelegate.m */; };
		180B7A371FEF7B54004B2C34 /* ViewController.m in Sources */ = {isa = PBXBuildFile; fileRef = 180B7A361FEF7B54004B2C34 /* ViewController.m */; };
		180B7A3A1FEF7B54004B2C34 /* Main.storyboard in Resources */ = {isa = PBXBuildFile; fileRef = 180B7A381FEF7B54004B2C34 /* Main.storyboard */; };
		180B7A3C1FEF7B54004B2C34 /* Assets.xcassets in Resources */ = {isa = PBXBuildFile; fileRef = 180B7A3B1FEF7B54004B2C34 /* Assets.xcassets */; };
		180B7A3F1FEF7B54004B2C34 /* LaunchScreen.storyboard in Resources */ = {isa = PBXBuildFile; fileRef = 180B7A3D1FEF7B54004B2C34 /* LaunchScreen.storyboard */; };
		180B7A4A1FEF7B55004B2C34 /* FIFA_AppTests.m in Sources */ = {isa = PBXBuildFile; fileRef = 180B7A491FEF7B55004B2C34 /* FIFA_AppTests.m */; };
		180B7A551FEF7B55004B2C34 /* FIFA_AppUITests.m in Sources */ = {isa = PBXBuildFile; fileRef = 180B7A541FEF7B55004B2C34 /* FIFA_AppUITests.m */; };
/* End PBXBuildFile section */

/* Begin PBXContainerItemProxy section */
		180B7A461FEF7B55004B2C34 /* PBXContainerItemProxy */ = {
			isa = PBXContainerItemProxy;
			containerPortal = 180B7A241FEF7B54004B2C34 /* Project object */;
			proxyType = 1;
			remoteGlobalIDString = 180B7A2B1FEF7B54004B2C34;
			remoteInfo = FIFA_App;
		};
		180B7A511FEF7B55004B2C34 /* PBXContainerItemProxy */ = {
			isa = PBXContainerItemProxy;
			containerPortal = 180B7A241FEF7B54004B2C34 /* Project object */;
			proxyType = 1;
			remoteGlobalIDString = 180B7A2B1FEF7B54004B2C34;
			remoteInfo = FIFA_App;
		};
/* End PBXContainerItemProxy section */

/* Begin PBXFileReference section */
		180B7A2C1FEF7B54004B2C34 /* FIFA_App.app */ = {isa = PBXFileReference; explicitFileType = wrapper.application; includeInIndex = 0; path = FIFA_App.app; sourceTree = BUILT_PRODUCTS_DIR; };
		180B7A301FEF7B54004B2C34 /* main.m */ = {isa = PBXFileReference; lastKnownFileType = sourcecode.c.objc; path = main.m; sourceTree = "<group>"; };
		180B7A321FEF7B54004B2C34 /* AppDelegate.h */ = {isa = PBXFileReference; lastKnownFileType = sourcecode.c.h; path = AppDelegate.h; sourceTree = "<group>"; };
		180B7A331FEF7B54004B2C34 /* AppDelegate.m */ = {isa = PBXFileReference; lastKnownFileType = sourcecode.c.objc; path = AppDelegate.m; sourceTree = "<group>"; };
		180B7A351FEF7B54004B2C34 /* ViewController.h */ = {isa = PBXFileReference; lastKnownFileType = sourcecode.c.h; path = ViewController.h; sourceTree = "<group>"; };
		180B7A361FEF7B54004B2C34 /* ViewController.m */ = {isa = PBXFileReference; lastKnownFileType = sourcecode.c.objc; path = ViewController.m; sourceTree = "<group>"; };
		180B7A391FEF7B54004B2C34 /* Base */ = {isa = PBXFileReference; lastKnownFileType = file.storyboard; name = Base; path = Base.lproj/Main.storyboard; sourceTree = "<group>"; };
		180B7A3B1FEF7B54004B2C34 /* Assets.xcassets */ = {isa = PBXFileReference; lastKnownFileType = folder.assetcatalog; path = Assets.xcassets; sourceTree = "<group>"; };
		180B7A3E1FEF7B54004B2C34 /* Base */ = {isa = PBXFileReference; lastKnownFileType = file.storyboard; name = Base; path = Base.lproj/LaunchScreen.storyboard; sourceTree = "<group>"; };
		180B7A401FEF7B54004B2C34 /* Info.plist */ = {isa = PBXFileReference; lastKnownFileType = text.plist.xml; path = Info.plist; sourceTree = "<group>"; };
		180B7A451FEF7B55004B2C34 /* FIFA_AppTests.xctest */ = {isa = PBXFileReference; explicitFileType = wrapper.cfbundle; includeInIndex = 0; path = FIFA_AppTests.xctest; sourceTree = BUILT_PRODUCTS_DIR; };
		180B7A491FEF7B55004B2C34 /* FIFA_AppTests.m */ = {isa = PBXFileReference; lastKnownFileType = sourcecode.c.objc; path = FIFA_AppTests.m; sourceTree = "<group>"; };
		180B7A4B1FEF7B55004B2C34 /* Info.plist */ = {isa = PBXFileReference; lastKnownFileType = text.plist.xml; path = Info.plist; sourceTree = "<group>"; };
		180B7A501FEF7B55004B2C34 /* FIFA_AppUITests.xctest */ = {isa = PBXFileReference; explicitFileType = wrapper.cfbundle; includeInIndex = 0; path = FIFA_AppUITests.xctest; sourceTree = BUILT_PRODUCTS_DIR; };
		180B7A541FEF7B55004B2C34 /* FIFA_AppUITests.m */ = {isa = PBXFileReference; lastKnownFileType = sourcecode.c.objc; path = FIFA_AppUITests.m; sourceTree = "<group>"; };
		180B7A561FEF7B55004B2C34 /* Info.plist */ = {isa = PBXFileReference; lastKnownFileType = text.plist.xml; path = Info.plist; sourceTree = "<group>"; };
/* End PBXFileReference section */

/* Begin PBXFrameworksBuildPhase section */
		180B7A291FEF7B54004B2C34 /* Frameworks */ = {
			isa = PBXFrameworksBuildPhase;
			buildActionMask = 2147483647;
			files = (
			);
			runOnlyForDeploymentPostprocessing = 0;
		};
		180B7A421FEF7B55004B2C34 /* Frameworks */ = {
			isa = PBXFrameworksBuildPhase;
			buildActionMask = 2147483647;
			files = (
			);
			runOnlyForDeploymentPostprocessing = 0;
		};
		180B7A4D1FEF7B55004B2C34 /* Frameworks */ = {
			isa = PBXFrameworksBuildPhase;
			buildActionMask = 2147483647;
			files = (
			);
			runOnlyForDeploymentPostprocessing = 0;
		};
/* End PBXFrameworksBuildPhase section */

/* Begin PBXGroup section */
		180B7A231FEF7B53004B2C34 = {
			isa = PBXGroup;
			children = (
				180B7A2E1FEF7B54004B2C34 /* FIFA_App */,
				180B7A481FEF7B55004B2C34 /* FIFA_AppTests */,
				180B7A531FEF7B55004B2C34 /* FIFA_AppUITests */,
				180B7A2D1FEF7B54004B2C34 /* Products */,
			);
			sourceTree = "<group>";
		};
		180B7A2D1FEF7B54004B2C34 /* Products */ = {
			isa = PBXGroup;
			children = (
				180B7A2C1FEF7B54004B2C34 /* FIFA_App.app */,
				180B7A451FEF7B55004B2C34 /* FIFA_AppTests.xctest */,
				180B7A501FEF7B55004B2C34 /* FIFA_AppUITests.xctest */,
			);
			name = Products;
			sourceTree = "<group>";
		};
		180B7A2E1FEF7B54004B2C34 /* FIFA_App */ = {
			isa = PBXGroup;
			children = (
				180B7A321FEF7B54004B2C34 /* AppDelegate.h */,
				180B7A331FEF7B54004B2C34 /* AppDelegate.m */,
				180B7A351FEF7B54004B2C34 /* ViewController.h */,
				180B7A361FEF7B54004B2C34 /* ViewController.m */,
				180B7A381FEF7B54004B2C34 /* Main.storyboard */,
				180B7A3B1FEF7B54004B2C34 /* Assets.xcassets */,
				180B7A3D1FEF7B54004B2C34 /* LaunchScreen.storyboard */,
				180B7A401FEF7B54004B2C34 /* Info.plist */,
				180B7A2F1FEF7B54004B2C34 /* Supporting Files */,
			);
			path = FIFA_App;
			sourceTree = "<group>";
		};
		180B7A2F1FEF7B54004B2C34 /* Supporting Files */ = {
			isa = PBXGroup;
			children = (
				180B7A301FEF7B54004B2C34 /* main.m */,
			);
			name = "Supporting Files";
			sourceTree = "<group>";
		};
		180B7A481FEF7B55004B2C34 /* FIFA_AppTests */ = {
			isa = PBXGroup;
			children = (
				180B7A491FEF7B55004B2C34 /* FIFA_AppTests.m */,
				180B7A4B1FEF7B55004B2C34 /* Info.plist */,
			);
			path = FIFA_AppTests;
			sourceTree = "<group>";
		};
		180B7A531FEF7B55004B2C34 /* FIFA_AppUITests */ = {
			isa = PBXGroup;
			children = (
				180B7A541FEF7B55004B2C34 /* FIFA_AppUITests.m */,
				180B7A561FEF7B55004B2C34 /* Info.plist */,
			);
			path = FIFA_AppUITests;
			sourceTree = "<group>";
		};
/* End PBXGroup section */

/* Begin PBXNativeTarget section */
		180B7A2B1FEF7B54004B2C34 /* FIFA_App */ = {
			isa = PBXNativeTarget;
			buildConfigurationList = 180B7A591FEF7B55004B2C34 /* Build configuration list for PBXNativeTarget "FIFA_App" */;
			buildPhases = (
				180B7A281FEF7B54004B2C34 /* Sources */,
				180B7A291FEF7B54004B2C34 /* Frameworks */,
				180B7A2A1FEF7B54004B2C34 /* Resources */,
			);
			buildRules = (
			);
			dependencies = (
			);
			name = FIFA_App;
			productName = FIFA_App;
			productReference = 180B7A2C1FEF7B54004B2C34 /* FIFA_App.app */;
			productType = "com.apple.product-type.application";
		};
		180B7A441FEF7B55004B2C34 /* FIFA_AppTests */ = {
			isa = PBXNativeTarget;
			buildConfigurationList = 180B7A5C1FEF7B55004B2C34 /* Build configuration list for PBXNativeTarget "FIFA_AppTests" */;
			buildPhases = (
				180B7A411FEF7B55004B2C34 /* Sources */,
				180B7A421FEF7B55004B2C34 /* Frameworks */,
				180B7A431FEF7B55004B2C34 /* Resources */,
			);
			buildRules = (
			);
			dependencies = (
				180B7A471FEF7B55004B2C34 /* PBXTargetDependency */,
			);
			name = FIFA_AppTests;
			productName = FIFA_AppTests;
			productReference = 180B7A451FEF7B55004B2C34 /* FIFA_AppTests.xctest */;
			productType = "com.apple.product-type.bundle.unit-test";
		};
		180B7A4F1FEF7B55004B2C34 /* FIFA_AppUITests */ = {
			isa = PBXNativeTarget;
			buildConfigurationList = 180B7A5F1FEF7B55004B2C34 /* Build configuration list for PBXNativeTarget "FIFA_AppUITests" */;
			buildPhases = (
				180B7A4C1FEF7B55004B2C34 /* Sources */,
				180B7A4D1FEF7B55004B2C34 /* Frameworks */,
				180B7A4E1FEF7B55004B2C34 /* Resources */,
			);
			buildRules = (
			);
			dependencies = (
				180B7A521FEF7B55004B2C34 /* PBXTargetDependency */,
			);
			name = FIFA_AppUITests;
			productName = FIFA_AppUITests;
			productReference = 180B7A501FEF7B55004B2C34 /* FIFA_AppUITests.xctest */;
			productType = "com.apple.product-type.bundle.ui-testing";
		};
/* End PBXNativeTarget section */

/* Begin PBXProject section */
		180B7A241FEF7B54004B2C34 /* Project object */ = {
			isa = PBXProject;
			attributes = {
				LastUpgradeCheck = 0830;
				ORGANIZATIONNAME = apple;
				TargetAttributes = {
					180B7A2B1FEF7B54004B2C34 = {
						CreatedOnToolsVersion = 8.3.2;
						ProvisioningStyle = Automatic;
					};
					180B7A441FEF7B55004B2C34 = {
						CreatedOnToolsVersion = 8.3.2;
						ProvisioningStyle = Automatic;
						TestTargetID = 180B7A2B1FEF7B54004B2C34;
					};
					180B7A4F1FEF7B55004B2C34 = {
						CreatedOnToolsVersion = 8.3.2;
						ProvisioningStyle = Automatic;
						TestTargetID = 180B7A2B1FEF7B54004B2C34;
					};
				};
			};
			buildConfigurationList = 180B7A271FEF7B54004B2C34 /* Build configuration list for PBXProject "FIFA_App" */;
			compatibilityVersion = "Xcode 3.2";
			developmentRegion = English;
			hasScannedForEncodings = 0;
			knownRegions = (
				en,
				Base,
			);
			mainGroup = 180B7A231FEF7B53004B2C34;
			productRefGroup = 180B7A2D1FEF7B54004B2C34 /* Products */;
			projectDirPath = "";
			projectRoot = "";
			targets = (
				180B7A2B1FEF7B54004B2C34 /* FIFA_App */,
				180B7A441FEF7B55004B2C34 /* FIFA_AppTests */,
				180B7A4F1FEF7B55004B2C34 /* FIFA_AppUITests */,
			);
		};
/* End PBXProject section */

/* Begin PBXResourcesBuildPhase section */
		180B7A2A1FEF7B54004B2C34 /* Resources */ = {
			isa = PBXResourcesBuildPhase;
			buildActionMask = 2147483647;
			files = (
				180B7A3F1FEF7B54004B2C34 /* LaunchScreen.storyboard in Resources */,
				180B7A3C1FEF7B54004B2C34 /* Assets.xcassets in Resources */,
				180B7A3A1FEF7B54004B2C34 /* Main.storyboard in Resources */,
			);
			runOnlyForDeploymentPostprocessing = 0;
		};
		180B7A431FEF7B55004B2C34 /* Resources */ = {
			isa = PBXResourcesBuildPhase;
			buildActionMask = 2147483647;
			files = (
			);
			runOnlyForDeploymentPostprocessing = 0;
		};
		180B7A4E1FEF7B55004B2C34 /* Resources */ = {
			isa = PBXResourcesBuildPhase;
			buildActionMask = 2147483647;
			files = (
			);
			runOnlyForDeploymentPostprocessing = 0;
		};
/* End PBXResourcesBuildPhase section */

/* Begin PBXSourcesBuildPhase section */
		180B7A281FEF7B54004B2C34 /* Sources */ = {
			isa = PBXSourcesBuildPhase;
			buildActionMask = 2147483647;
			files = (
				180B7A371FEF7B54004B2C34 /* ViewController.m in Sources */,
				180B7A341FEF7B54004B2C34 /* AppDelegate.m in Sources */,
				180B7A311FEF7B54004B2C34 /* main.m in Sources */,
			);
			runOnlyForDeploymentPostprocessing = 0;
		};
		180B7A411FEF7B55004B2C34 /* Sources */ = {
			isa = PBXSourcesBuildPhase;
			buildActionMask = 2147483647;
			files = (
				180B7A4A1FEF7B55004B2C34 /* FIFA_AppTests.m in Sources */,
			);
			runOnlyForDeploymentPostprocessing = 0;
		};
		180B7A4C1FEF7B55004B2C34 /* Sources */ = {
			isa = PBXSourcesBuildPhase;
			buildActionMask = 2147483647;
			files = (
				180B7A551FEF7B55004B2C34 /* FIFA_AppUITests.m in Sources */,
			);
			runOnlyForDeploymentPostprocessing = 0;
		};
/* End PBXSourcesBuildPhase section */

/* Begin PBXTargetDependency section */
		180B7A471FEF7B55004B2C34 /* PBXTargetDependency */ = {
			isa = PBXTargetDependency;
			target = 180B7A2B1FEF7B54004B2C34 /* FIFA_App */;
			targetProxy = 180B7A461FEF7B55004B2C34 /* PBXContainerItemProxy */;
		};
		180B7A521FEF7B55004B2C34 /* PBXTargetDependency */ = {
			isa = PBXTargetDependency;
			target = 180B7A2B1FEF7B54004B2C34 /* FIFA_App */;
			targetProxy = 180B7A511FEF7B55004B2C34 /* PBXContainerItemProxy */;
		};
/* End PBXTargetDependency section */

/* Begin PBXVariantGroup section */
		180B7A381FEF7B54004B2C34 /* Main.storyboard */ = {
			isa = PBXVariantGroup;
			children = (
				180B7A391FEF7B54004B2C34 /* Base */,
			);
			name = Main.storyboard;
			sourceTree = "<group>";
		};
		180B7A3D1FEF7B54004B2C34 /* LaunchScreen.storyboard */ = {
			isa = PBXVariantGroup;
			children = (
				180B7A3E1FEF7B54004B2C34 /* Base */,
			);
			name = LaunchScreen.storyboard;
			sourceTree = "<group>";
		};
/* End PBXVariantGroup section */

/* Begin XCBuildConfiguration section */
		180B7A571FEF7B55004B2C34 /* Debug */ = {
			isa = XCBuildConfiguration;
			buildSettings = {
				ALWAYS_SEARCH_USER_PATHS = NO;
				CLANG_ANALYZER_NONNULL = YES;
				CLANG_ANALYZER_NUMBER_OBJECT_CONVERSION = YES_AGGRESSIVE;
				CLANG_CXX_LANGUAGE_STANDARD = "gnu++0x";
				CLANG_CXX_LIBRARY = "libc++";
				CLANG_ENABLE_MODULES = YES;
				CLANG_ENABLE_OBJC_ARC = YES;
				CLANG_WARN_BOOL_CONVERSION = YES;
				CLANG_WARN_CONSTANT_CONVERSION = YES;
				CLANG_WARN_DIRECT_OBJC_ISA_USAGE = YES_ERROR;
				CLANG_WARN_DOCUMENTATION_COMMENTS = YES;
				CLANG_WARN_EMPTY_BODY = YES;
				CLANG_WARN_ENUM_CONVERSION = YES;
				CLANG_WARN_INFINITE_RECURSION = YES;
				CLANG_WARN_INT_CONVERSION = YES;
				CLANG_WARN_OBJC_ROOT_CLASS = YES_ERROR;
				CLANG_WARN_SUSPICIOUS_MOVE = YES;
				CLANG_WARN_UNREACHABLE_CODE = YES;
				CLANG_WARN__DUPLICATE_METHOD_MATCH = YES;
				"CODE_SIGN_IDENTITY[sdk=iphoneos*]" = "iPhone Developer";
				COPY_PHASE_STRIP = NO;
				DEBUG_INFORMATION_FORMAT = dwarf;
				ENABLE_STRICT_OBJC_MSGSEND = YES;
				ENABLE_TESTABILITY = YES;
				GCC_C_LANGUAGE_STANDARD = gnu99;
				GCC_DYNAMIC_NO_PIC = NO;
				GCC_NO_COMMON_BLOCKS = YES;
				GCC_OPTIMIZATION_LEVEL = 0;
				GCC_PREPROCESSOR_DEFINITIONS = (
					"DEBUG=1",
					"$(inherited)",
				);
				GCC_WARN_64_TO_32_BIT_CONVERSION = YES;
				GCC_WARN_ABOUT_RETURN_TYPE = YES_ERROR;
				GCC_WARN_UNDECLARED_SELECTOR = YES;
				GCC_WARN_UNINITIALIZED_AUTOS = YES_AGGRESSIVE;
				GCC_WARN_UNUSED_FUNCTION = YES;
				GCC_WARN_UNUSED_VARIABLE = YES;
				IPHONEOS_DEPLOYMENT_TARGET = 10.3;
				MTL_ENABLE_DEBUG_INFO = YES;
				ONLY_ACTIVE_ARCH = YES;
				SDKROOT = iphoneos;
				TARGETED_DEVICE_FAMILY = "1,2";
			};
			name = Debug;
		};
		180B7A581FEF7B55004B2C34 /* Release */ = {
			isa = XCBuildConfiguration;
			buildSettings = {
				ALWAYS_SEARCH_USER_PATHS = NO;
				CLANG_ANALYZER_NONNULL = YES;
				CLANG_ANALYZER_NUMBER_OBJECT_CONVERSION = YES_AGGRESSIVE;
				CLANG_CXX_LANGUAGE_STANDARD = "gnu++0x";
				CLANG_CXX_LIBRARY = "libc++";
				CLANG_ENABLE_MODULES = YES;
				CLANG_ENABLE_OBJC_ARC = YES;
				CLANG_WARN_BOOL_CONVERSION = YES;
				CLANG_WARN_CONSTANT_CONVERSION = YES;
				CLANG_WARN_DIRECT_OBJC_ISA_USAGE = YES_ERROR;
				CLANG_WARN_DOCUMENTATION_COMMENTS = YES;
				CLANG_WARN_EMPTY_BODY = YES;
				CLANG_WARN_ENUM_CONVERSION = YES;
				CLANG_WARN_INFINITE_RECURSION = YES;
				CLANG_WARN_INT_CONVERSION = YES;
				CLANG_WARN_OBJC_ROOT_CLASS = YES_ERROR;
				CLANG_WARN_SUSPICIOUS_MOVE = YES;
				CLANG_WARN_UNREACHABLE_CODE = YES;
				CLANG_WARN__DUPLICATE_METHOD_MATCH = YES;
				"CODE_SIGN_IDENTITY[sdk=iphoneos*]" = "iPhone Developer";
				COPY_PHASE_STRIP = NO;
				DEBUG_INFORMATION_FORMAT = "dwarf-with-dsym";
				ENABLE_NS_ASSERTIONS = NO;
				ENABLE_STRICT_OBJC_MSGSEND = YES;
				GCC_C_LANGUAGE_STANDARD = gnu99;
				GCC_NO_COMMON_BLOCKS = YES;
				GCC_WARN_64_TO_32_BIT_CONVERSION = YES;
				GCC_WARN_ABOUT_RETURN_TYPE = YES_ERROR;
				GCC_WARN_UNDECLARED_SELECTOR = YES;
				GCC_WARN_UNINITIALIZED_AUTOS = YES_AGGRESSIVE;
				GCC_WARN_UNUSED_FUNCTION = YES;
				GCC_WARN_UNUSED_VARIABLE = YES;
				IPHONEOS_DEPLOYMENT_TARGET = 10.3;
				MTL_ENABLE_DEBUG_INFO = NO;
				SDKROOT = iphoneos;
				TARGETED_DEVICE_FAMILY = "1,2";
				VALIDATE_PRODUCT = YES;
			};
			name = Release;
		};
		180B7A5A1FEF7B55004B2C34 /* Debug */ = {
			isa = XCBuildConfiguration;
			buildSettings = {
				ASSETCATALOG_COMPILER_APPICON_NAME = AppIcon;
				INFOPLIST_FILE = FIFA_App/Info.plist;
				LD_RUNPATH_SEARCH_PATHS = "$(inherited) @executable_path/Frameworks";
				PRODUCT_BUNDLE_IDENTIFIER = "com.trackasd.FIFA-App";
				PRODUCT_NAME = "$(TARGET_NAME)";
			};
			name = Debug;
		};
		180B7A5B1FEF7B55004B2C34 /* Release */ = {
			isa = XCBuildConfiguration;
			buildSettings = {
				ASSETCATALOG_COMPILER_APPICON_NAME = AppIcon;
				INFOPLIST_FILE = FIFA_App/Info.plist;
				LD_RUNPATH_SEARCH_PATHS = "$(inherited) @executable_path/Frameworks";
				PRODUCT_BUNDLE_IDENTIFIER = "com.trackasd.FIFA-App";
				PRODUCT_NAME = "$(TARGET_NAME)";
			};
			name = Release;
		};
		180B7A5D1FEF7B55004B2C34 /* Debug */ = {
			isa = XCBuildConfiguration;
			buildSettings = {
				BUNDLE_LOADER = "$(TEST_HOST)";
				INFOPLIST_FILE = FIFA_AppTests/Info.plist;
				LD_RUNPATH_SEARCH_PATHS = "$(inherited) @executable_path/Frameworks @loader_path/Frameworks";
				PRODUCT_BUNDLE_IDENTIFIER = "com.trackasd.FIFA-AppTests";
				PRODUCT_NAME = "$(TARGET_NAME)";
				TEST_HOST = "$(BUILT_PRODUCTS_DIR)/FIFA_App.app/FIFA_App";
			};
			name = Debug;
		};
		180B7A5E1FEF7B55004B2C34 /* Release */ = {
			isa = XCBuildConfiguration;
			buildSettings = {
				BUNDLE_LOADER = "$(TEST_HOST)";
				INFOPLIST_FILE = FIFA_AppTests/Info.plist;
				LD_RUNPATH_SEARCH_PATHS = "$(inherited) @executable_path/Frameworks @loader_path/Frameworks";
				PRODUCT_BUNDLE_IDENTIFIER = "com.trackasd.FIFA-AppTests";
				PRODUCT_NAME = "$(TARGET_NAME)";
				TEST_HOST = "$(BUILT_PRODUCTS_DIR)/FIFA_App.app/FIFA_App";
			};
			name = Release;
		};
		180B7A601FEF7B55004B2C34 /* Debug */ = {
			isa = XCBuildConfiguration;
			buildSettings = {
				INFOPLIST_FILE = FIFA_AppUITests/Info.plist;
				LD_RUNPATH_SEARCH_PATHS = "$(inherited) @executable_path/Frameworks @loader_path/Frameworks";
				PRODUCT_BUNDLE_IDENTIFIER = "com.trackasd.FIFA-AppUITests";
				PRODUCT_NAME = "$(TARGET_NAME)";
				TEST_TARGET_NAME = FIFA_App;
			};
			name = Debug;
		};
		180B7A611FEF7B55004B2C34 /* Release */ = {
			isa = XCBuildConfiguration;
			buildSettings = {
				INFOPLIST_FILE = FIFA_AppUITests/Info.plist;
				LD_RUNPATH_SEARCH_PATHS = "$(inherited) @executable_path/Frameworks @loader_path/Frameworks";
				PRODUCT_BUNDLE_IDENTIFIER = "com.trackasd.FIFA-AppUITests";
				PRODUCT_NAME = "$(TARGET_NAME)";
				TEST_TARGET_NAME = FIFA_App;
			};
			name = Release;
		};
/* End XCBuildConfiguration section */

/* Begin XCConfigurationList section */
		180B7A271FEF7B54004B2C34 /* Build configuration list for PBXProject "FIFA_App" */ = {
			isa = XCConfigurationList;
			buildConfigurations = (
				180B7A571FEF7B55004B2C34 /* Debug */,
				180B7A581FEF7B55004B2C34 /* Release */,
			);
			defaultConfigurationIsVisible = 0;
			defaultConfigurationName = Release;
		};
		180B7A591FEF7B55004B2C34 /* Build configuration list for PBXNativeTarget "FIFA_App" */ = {
			isa = XCConfigurationList;
			buildConfigurations = (
				180B7A5A1FEF7B55004B2C34 /* Debug */,
				180B7A5B1FEF7B55004B2C34 /* Release */,
			);
			defaultConfigurationIsVisible = 0;
		};
		180B7A5C1FEF7B55004B2C34 /* Build configuration list for PBXNativeTarget "FIFA_AppTests" */ = {
			isa = XCConfigurationList;
			buildConfigurations = (
				180B7A5D1FEF7B55004B2C34 /* Debug */,
				180B7A5E1FEF7B55004B2C34 /* Release */,
			);
			defaultConfigurationIsVisible = 0;
		};
		180B7A5F1FEF7B55004B2C34 /* Build configuration list for PBXNativeTarget "FIFA_AppUITests" */ = {
			isa = XCConfigurationList;
			buildConfigurations = (
				180B7A601FEF7B55004B2C34 /* Debug */,
				180B7A611FEF7B55004B2C34 /* Release */,
			);
			defaultConfigurationIsVisible = 0;
		};
/* End XCConfigurationList section */
	};
	rootObject = 180B7A241FEF7B54004B2C34 /* Project object */;
}
